
Microsoft Visual Studio Solution File, Format Version 12.00
# Visual Studio Version 16
VisualStudioVersion = 16.0.30309.148
MinimumVisualStudioVersion = 10.0.40219.1
Project("{FAE04EC0-301F-11D3-BF4B-00C04F79EFBC}") = "VeTamGiacCan", "VeTamGiacCan\VeTamGiacCan.csproj", "{8AF00B17-177C-495F-939E-85BDD3964F82}"
EndProject
Global
	GlobalSection(SolutionConfigurationPlatforms) = preSolution
		Debug|Any CPU = Debug|Any CPU
		Release|Any CPU = Release|Any CPU
	EndGlobalSection
	GlobalSection(ProjectConfigurationPlatforms) = postSolution
		{8AF00B17-177C-495F-939E-85BDD3964F82}.Debug|Any CPU.ActiveCfg = Debug|Any CPU
		{8AF00B17-177C-495F-939E-85BDD3964F82}.Debug|Any CPU.Build.0 = Debug|Any CPU
		{8AF00B17-177C-495F-939E-85BDD3964F82}.Release|Any CPU.ActiveCfg = Release|Any CPU
		{8AF00B17-177C-495F-939E-85BDD3964F82}.Release|Any CPU.Build.0 = Release|Any CPU
	EndGlobalSection
	GlobalSection(SolutionProperties) = preSolution
		HideSolutionNode = FALSE
	EndGlobalSection
	GlobalSection(ExtensibilityGlobals) = postSolution
		SolutionGuid = {01A409DF-1886-4807-BB90-37DE9A483431}
	EndGlobalSection
EndGlobal
