
Microsoft Visual Studio Solution File, Format Version 12.00
# Visual Studio Version 16
VisualStudioVersion = 16.0.30309.148
MinimumVisualStudioVersion = 10.0.40219.1
Project("{FAE04EC0-301F-11D3-BF4B-00C04F79EFBC}") = "DivideByZeroException", "..\DivideByZeroException\DivideByZeroException\DivideByZeroException.csproj", "{60C3E3A1-009D-449A-ACA5-7DA2ED87DFD4}"
EndProject
Global
	GlobalSection(SolutionConfigurationPlatforms) = preSolution
		Debug|Any CPU = Debug|Any CPU
		Release|Any CPU = Release|Any CPU
	EndGlobalSection
	GlobalSection(ProjectConfigurationPlatforms) = postSolution
		{60C3E3A1-009D-449A-ACA5-7DA2ED87DFD4}.Debug|Any CPU.ActiveCfg = Debug|Any CPU
		{60C3E3A1-009D-449A-ACA5-7DA2ED87DFD4}.Debug|Any CPU.Build.0 = Debug|Any CPU
		{60C3E3A1-009D-449A-ACA5-7DA2ED87DFD4}.Release|Any CPU.ActiveCfg = Release|Any CPU
		{60C3E3A1-009D-449A-ACA5-7DA2ED87DFD4}.Release|Any CPU.Build.0 = Release|Any CPU
	EndGlobalSection
	GlobalSection(SolutionProperties) = preSolution
		HideSolutionNode = FALSE
	EndGlobalSection
	GlobalSection(ExtensibilityGlobals) = postSolution
		SolutionGuid = {BBADE851-266C-42E7-A91F-1628F70A7F60}
	EndGlobalSection
EndGlobal
