
Microsoft Visual Studio Solution File, Format Version 12.00
# Visual Studio Version 16
VisualStudioVersion = 16.0.30309.148
MinimumVisualStudioVersion = 10.0.40219.1
Project("{FAE04EC0-301F-11D3-BF4B-00C04F79EFBC}") = "KiemTraSoNguyenTo", "KiemTraSoNguyenTo\KiemTraSoNguyenTo.csproj", "{0AF24FE3-5811-46FD-9F65-F91A122E21E5}"
EndProject
Global
	GlobalSection(SolutionConfigurationPlatforms) = preSolution
		Debug|Any CPU = Debug|Any CPU
		Release|Any CPU = Release|Any CPU
	EndGlobalSection
	GlobalSection(ProjectConfigurationPlatforms) = postSolution
		{0AF24FE3-5811-46FD-9F65-F91A122E21E5}.Debug|Any CPU.ActiveCfg = Debug|Any CPU
		{0AF24FE3-5811-46FD-9F65-F91A122E21E5}.Debug|Any CPU.Build.0 = Debug|Any CPU
		{0AF24FE3-5811-46FD-9F65-F91A122E21E5}.Release|Any CPU.ActiveCfg = Release|Any CPU
		{0AF24FE3-5811-46FD-9F65-F91A122E21E5}.Release|Any CPU.Build.0 = Release|Any CPU
	EndGlobalSection
	GlobalSection(SolutionProperties) = preSolution
		HideSolutionNode = FALSE
	EndGlobalSection
	GlobalSection(ExtensibilityGlobals) = postSolution
		SolutionGuid = {628E6271-832A-43BC-9BA5-FDA36075E531}
	EndGlobalSection
EndGlobal
