
Microsoft Visual Studio Solution File, Format Version 12.00
# Visual Studio Version 16
VisualStudioVersion = 16.0.30225.117
MinimumVisualStudioVersion = 10.0.40219.1
Project("{FAE04EC0-301F-11D3-BF4B-00C04F79EFBC}") = "Person", "Person\Person.csproj", "{503269A0-49DA-4585-AF48-521FFF7D76D8}"
EndProject
Global
	GlobalSection(SolutionConfigurationPlatforms) = preSolution
		Debug|Any CPU = Debug|Any CPU
		Release|Any CPU = Release|Any CPU
	EndGlobalSection
	GlobalSection(ProjectConfigurationPlatforms) = postSolution
		{503269A0-49DA-4585-AF48-521FFF7D76D8}.Debug|Any CPU.ActiveCfg = Debug|Any CPU
		{503269A0-49DA-4585-AF48-521FFF7D76D8}.Debug|Any CPU.Build.0 = Debug|Any CPU
		{503269A0-49DA-4585-AF48-521FFF7D76D8}.Release|Any CPU.ActiveCfg = Release|Any CPU
		{503269A0-49DA-4585-AF48-521FFF7D76D8}.Release|Any CPU.Build.0 = Release|Any CPU
	EndGlobalSection
	GlobalSection(SolutionProperties) = preSolution
		HideSolutionNode = FALSE
	EndGlobalSection
	GlobalSection(ExtensibilityGlobals) = postSolution
		SolutionGuid = {3ACE9C88-CD76-490E-AFF3-220323D9241D}
	EndGlobalSection
EndGlobal
