
Microsoft Visual Studio Solution File, Format Version 12.00
# Visual Studio Version 16
VisualStudioVersion = 16.0.30309.148
MinimumVisualStudioVersion = 10.0.40219.1
Project("{FAE04EC0-301F-11D3-BF4B-00C04F79EFBC}") = "SoHoanHao", "SoHoanHao\SoHoanHao.csproj", "{81FEE9D7-B1EC-4B49-AA96-E75D9697D854}"
EndProject
Global
	GlobalSection(SolutionConfigurationPlatforms) = preSolution
		Debug|Any CPU = Debug|Any CPU
		Release|Any CPU = Release|Any CPU
	EndGlobalSection
	GlobalSection(ProjectConfigurationPlatforms) = postSolution
		{81FEE9D7-B1EC-4B49-AA96-E75D9697D854}.Debug|Any CPU.ActiveCfg = Debug|Any CPU
		{81FEE9D7-B1EC-4B49-AA96-E75D9697D854}.Debug|Any CPU.Build.0 = Debug|Any CPU
		{81FEE9D7-B1EC-4B49-AA96-E75D9697D854}.Release|Any CPU.ActiveCfg = Release|Any CPU
		{81FEE9D7-B1EC-4B49-AA96-E75D9697D854}.Release|Any CPU.Build.0 = Release|Any CPU
	EndGlobalSection
	GlobalSection(SolutionProperties) = preSolution
		HideSolutionNode = FALSE
	EndGlobalSection
	GlobalSection(ExtensibilityGlobals) = postSolution
		SolutionGuid = {46C9AC59-E859-44B8-93FC-75F17AA47D2B}
	EndGlobalSection
EndGlobal
