
Microsoft Visual Studio Solution File, Format Version 12.00
# Visual Studio Version 16
VisualStudioVersion = 16.0.30225.117
MinimumVisualStudioVersion = 10.0.40219.1
Project("{FAE04EC0-301F-11D3-BF4B-00C04F79EFBC}") = "MyLinkedList", "MyLinkedList\MyLinkedList.csproj", "{60590DFB-E435-4ADF-B851-1CF6B0C5FFBD}"
EndProject
Global
	GlobalSection(SolutionConfigurationPlatforms) = preSolution
		Debug|Any CPU = Debug|Any CPU
		Release|Any CPU = Release|Any CPU
	EndGlobalSection
	GlobalSection(ProjectConfigurationPlatforms) = postSolution
		{60590DFB-E435-4ADF-B851-1CF6B0C5FFBD}.Debug|Any CPU.ActiveCfg = Debug|Any CPU
		{60590DFB-E435-4ADF-B851-1CF6B0C5FFBD}.Debug|Any CPU.Build.0 = Debug|Any CPU
		{60590DFB-E435-4ADF-B851-1CF6B0C5FFBD}.Release|Any CPU.ActiveCfg = Release|Any CPU
		{60590DFB-E435-4ADF-B851-1CF6B0C5FFBD}.Release|Any CPU.Build.0 = Release|Any CPU
	EndGlobalSection
	GlobalSection(SolutionProperties) = preSolution
		HideSolutionNode = FALSE
	EndGlobalSection
	GlobalSection(ExtensibilityGlobals) = postSolution
		SolutionGuid = {CD6FE90B-81BC-4A0D-9344-EC560A8FDDB0}
	EndGlobalSection
EndGlobal
