
Microsoft Visual Studio Solution File, Format Version 12.00
# Visual Studio Version 16
VisualStudioVersion = 16.0.30225.117
MinimumVisualStudioVersion = 10.0.40219.1
Project("{FAE04EC0-301F-11D3-BF4B-00C04F79EFBC}") = "Ex", "Ex\Ex.csproj", "{7A5D9BB5-9918-4E6E-A144-491048864B7C}"
EndProject
Global
	GlobalSection(SolutionConfigurationPlatforms) = preSolution
		Debug|Any CPU = Debug|Any CPU
		Release|Any CPU = Release|Any CPU
	EndGlobalSection
	GlobalSection(ProjectConfigurationPlatforms) = postSolution
		{7A5D9BB5-9918-4E6E-A144-491048864B7C}.Debug|Any CPU.ActiveCfg = Debug|Any CPU
		{7A5D9BB5-9918-4E6E-A144-491048864B7C}.Debug|Any CPU.Build.0 = Debug|Any CPU
		{7A5D9BB5-9918-4E6E-A144-491048864B7C}.Release|Any CPU.ActiveCfg = Release|Any CPU
		{7A5D9BB5-9918-4E6E-A144-491048864B7C}.Release|Any CPU.Build.0 = Release|Any CPU
	EndGlobalSection
	GlobalSection(SolutionProperties) = preSolution
		HideSolutionNode = FALSE
	EndGlobalSection
	GlobalSection(ExtensibilityGlobals) = postSolution
		SolutionGuid = {39F37ECE-CF05-491D-BF5A-1D51A27B0181}
	EndGlobalSection
EndGlobal
